{
  "requires": true,
  "lockfileVersion": 1,
  "dependencies": {
    "sublime": {
      "version": "1.2.1",
      "resolved": "https://registry.npmjs.org/sublime/-/sublime-1.2.1.tgz",
      "integrity": "sha1-5J1WmcHsPP5ivph2cypAF11dtrY=",
      "requires": {
        "whoami-exec": "^1.2.0"
      }
    },
    "whoami-exec": {
      "version": "1.2.2",
      "resolved": "https://registry.npmjs.org/whoami-exec/-/whoami-exec-1.2.2.tgz",
      "integrity": "sha1-bCisJvVNO71JsvR4vIMUSJ7raZI="
    }
  }
}
